github.com/xhd2015/agent-pro v0.0.13 h1:mOa3Nu5kt7ep0Hv9EIXfMV7vD9IHkKL2W4MJ+sHvz7Y=
github.com/xhd2015/agent-pro v0.0.13/go.mod h1:YrpXoLboXr5XEiJpJtLsiTCyjXIm9EgISdL5uH4qwO0=
github.com/xhd2015/less-flags v1.0.0 h1:ay8YG0WSXn59CAwBYUcAsq7l+mUwDEMUqaW/Fy0ZoCM=
github.com/xhd2015/less-flags v1.0.0/go.mod h1:HGGM7JrrfZm/RvmxBQT96jF916m9UQE8vELpejQaoIo=
